
Microsoft Visual Studio Solution File, Format Version 12.00
# Visual Studio Version 16
VisualStudioVersion = 16.0.30907.101
MinimumVisualStudioVersion = 10.0.40219.1
Project("{FAE04EC0-301F-11D3-BF4B-00C04F79EFBC}") = "frontDocker", "frontDocker\frontDocker.csproj", "{F3E78A32-E0B4-408F-98F4-F3C587F88AB3}"
EndProject
Project("{FAE04EC0-301F-11D3-BF4B-00C04F79EFBC}") = "MyWebAPI", "MyWebAPI\MyWebAPI.csproj", "{1EB8585E-60F5-490A-96D9-4F0EE272332F}"
EndProject
Project("{E53339B2-1760-4266-BCC7-CA923CBCF16C}") = "docker-compose", "docker-compose.dcproj", "{094FFFEF-0B5E-4DB8-B875-CAA5B88BB744}"
EndProject
Global
	GlobalSection(SolutionConfigurationPlatforms) = preSolution
		Debug|Any CPU = Debug|Any CPU
		Release|Any CPU = Release|Any CPU
	EndGlobalSection
	GlobalSection(ProjectConfigurationPlatforms) = postSolution
		{F3E78A32-E0B4-408F-98F4-F3C587F88AB3}.Debug|Any CPU.ActiveCfg = Debug|Any CPU
		{F3E78A32-E0B4-408F-98F4-F3C587F88AB3}.Debug|Any CPU.Build.0 = Debug|Any CPU
		{F3E78A32-E0B4-408F-98F4-F3C587F88AB3}.Release|Any CPU.ActiveCfg = Release|Any CPU
		{F3E78A32-E0B4-408F-98F4-F3C587F88AB3}.Release|Any CPU.Build.0 = Release|Any CPU
		{1EB8585E-60F5-490A-96D9-4F0EE272332F}.Debug|Any CPU.ActiveCfg = Debug|Any CPU
		{1EB8585E-60F5-490A-96D9-4F0EE272332F}.Debug|Any CPU.Build.0 = Debug|Any CPU
		{1EB8585E-60F5-490A-96D9-4F0EE272332F}.Release|Any CPU.ActiveCfg = Release|Any CPU
		{1EB8585E-60F5-490A-96D9-4F0EE272332F}.Release|Any CPU.Build.0 = Release|Any CPU
		{094FFFEF-0B5E-4DB8-B875-CAA5B88BB744}.Debug|Any CPU.ActiveCfg = Debug|Any CPU
		{094FFFEF-0B5E-4DB8-B875-CAA5B88BB744}.Debug|Any CPU.Build.0 = Debug|Any CPU
		{094FFFEF-0B5E-4DB8-B875-CAA5B88BB744}.Release|Any CPU.ActiveCfg = Release|Any CPU
		{094FFFEF-0B5E-4DB8-B875-CAA5B88BB744}.Release|Any CPU.Build.0 = Release|Any CPU
	EndGlobalSection
	GlobalSection(SolutionProperties) = preSolution
		HideSolutionNode = FALSE
	EndGlobalSection
	GlobalSection(ExtensibilityGlobals) = postSolution
		SolutionGuid = {7FAB21DB-D335-4E2E-B487-A2A81E083543}
	EndGlobalSection
EndGlobal
